
Microsoft Visual Studio Solution File, Format Version 12.00
# Visual Studio Version 16
VisualStudioVersion = 16.0.30523.141
MinimumVisualStudioVersion = 10.0.40219.1
Project("{FAE04EC0-301F-11D3-BF4B-00C04F79EFBC}") = "dotnet_web_test_action", "dotnet_web_test_action\dotnet_web_test_action.csproj", "{3AEBE480-3CFB-4AD0-B60A-9587721BDC1C}"
EndProject
Global
	GlobalSection(SolutionConfigurationPlatforms) = preSolution
		Debug|Any CPU = Debug|Any CPU
		Release|Any CPU = Release|Any CPU
	EndGlobalSection
	GlobalSection(ProjectConfigurationPlatforms) = postSolution
		{3AEBE480-3CFB-4AD0-B60A-9587721BDC1C}.Debug|Any CPU.ActiveCfg = Debug|Any CPU
		{3AEBE480-3CFB-4AD0-B60A-9587721BDC1C}.Debug|Any CPU.Build.0 = Debug|Any CPU
		{3AEBE480-3CFB-4AD0-B60A-9587721BDC1C}.Release|Any CPU.ActiveCfg = Release|Any CPU
		{3AEBE480-3CFB-4AD0-B60A-9587721BDC1C}.Release|Any CPU.Build.0 = Release|Any CPU
	EndGlobalSection
	GlobalSection(SolutionProperties) = preSolution
		HideSolutionNode = FALSE
	EndGlobalSection
	GlobalSection(ExtensibilityGlobals) = postSolution
		SolutionGuid = {15052CB2-E6C0-4717-8F16-8E7266779E3E}
	EndGlobalSection
EndGlobal
